
Microsoft Visual Studio Solution File, Format Version 12.00
# Visual Studio Version 17
VisualStudioVersion = 17.9.34723.18
MinimumVisualStudioVersion = 10.0.40219.1
Project("{2150E333-8FDC-42A3-9474-1A3956D46DE8}") = "Services", "Services", "{184FCBCB-9EA7-441A-A96F-33258BA78C69}"
EndProject
Project("{2150E333-8FDC-42A3-9474-1A3956D46DE8}") = "Catalog", "Catalog", "{858D9FFF-85EA-4F12-9B4A-4D9CA49B2EEA}"
EndProject
Project("{9A19103F-16F7-4668-BE54-9A1E7A4F7556}") = "Catalog.API", "Services\Catalog\Catalog.API\Catalog.API.csproj", "{95CF32FA-F12C-4E91-9CF3-217A83CDE695}"
EndProject
Project("{2150E333-8FDC-42A3-9474-1A3956D46DE8}") = "Shared", "Shared", "{D0DE84ED-3095-47CF-A8B9-9E9CFF7F7D8F}"
EndProject
Project("{9A19103F-16F7-4668-BE54-9A1E7A4F7556}") = "Shared", "Shared\Shared\Shared.csproj", "{726A1378-75C9-4123-BDA3-6C48FE696C72}"
EndProject
Project("{E53339B2-1760-4266-BCC7-CA923CBCF16C}") = "docker-compose", "docker-compose.dcproj", "{DEE1A568-EE6F-4E36-A5F7-F48EDA1F2F3C}"
EndProject
Project("{2150E333-8FDC-42A3-9474-1A3956D46DE8}") = "Basket", "Basket", "{F4CC9D32-D135-4862-B53C-C317203C47D8}"
EndProject
Project("{9A19103F-16F7-4668-BE54-9A1E7A4F7556}") = "Basket.API", "Services\Basket\Basket.API\Basket.API.csproj", "{4E80B292-FEF5-41E3-B248-6344ED5A718F}"
EndProject
Project("{2150E333-8FDC-42A3-9474-1A3956D46DE8}") = "Discount", "Discount", "{84741831-8AC8-427E-A214-14600567A260}"
EndProject
Project("{9A19103F-16F7-4668-BE54-9A1E7A4F7556}") = "Discount.Grpc", "Services\Discount\Discount.Grpc\Discount.Grpc.csproj", "{DB8A4A62-635B-4D8E-91E7-ED15C4097396}"
EndProject
Project("{2150E333-8FDC-42A3-9474-1A3956D46DE8}") = "Order", "Order", "{2125E974-DF78-4779-BF88-BDE3A5457A63}"
EndProject
Project("{9A19103F-16F7-4668-BE54-9A1E7A4F7556}") = "Order.API", "Services\Order\Order.API\Order.API.csproj", "{FD5A4B6C-690E-4E3C-B939-1910AFBE585F}"
EndProject
Project("{FAE04EC0-301F-11D3-BF4B-00C04F79EFBC}") = "Order.Domain", "Services\Order\Order.Domain\Order.Domain.csproj", "{9150460D-A5AC-4C57-96D8-27829FE187FC}"
EndProject
Project("{FAE04EC0-301F-11D3-BF4B-00C04F79EFBC}") = "Order.Application", "Services\Order\Order.Application\Order.Application.csproj", "{6964EB12-2DBB-442C-B930-ECC403FA76DB}"
EndProject
Project("{FAE04EC0-301F-11D3-BF4B-00C04F79EFBC}") = "Order.Infrastructure", "Services\Order\Order.Infrastructure\Order.Infrastructure.csproj", "{9FD3F042-682D-467D-946F-DCAEA6AE6964}"
EndProject
Global
	GlobalSection(SolutionConfigurationPlatforms) = preSolution
		Debug|Any CPU = Debug|Any CPU
		Release|Any CPU = Release|Any CPU
	EndGlobalSection
	GlobalSection(ProjectConfigurationPlatforms) = postSolution
		{95CF32FA-F12C-4E91-9CF3-217A83CDE695}.Debug|Any CPU.ActiveCfg = Debug|Any CPU
		{95CF32FA-F12C-4E91-9CF3-217A83CDE695}.Debug|Any CPU.Build.0 = Debug|Any CPU
		{95CF32FA-F12C-4E91-9CF3-217A83CDE695}.Release|Any CPU.ActiveCfg = Release|Any CPU
		{95CF32FA-F12C-4E91-9CF3-217A83CDE695}.Release|Any CPU.Build.0 = Release|Any CPU
		{726A1378-75C9-4123-BDA3-6C48FE696C72}.Debug|Any CPU.ActiveCfg = Debug|Any CPU
		{726A1378-75C9-4123-BDA3-6C48FE696C72}.Debug|Any CPU.Build.0 = Debug|Any CPU
		{726A1378-75C9-4123-BDA3-6C48FE696C72}.Release|Any CPU.ActiveCfg = Release|Any CPU
		{726A1378-75C9-4123-BDA3-6C48FE696C72}.Release|Any CPU.Build.0 = Release|Any CPU
		{DEE1A568-EE6F-4E36-A5F7-F48EDA1F2F3C}.Debug|Any CPU.ActiveCfg = Debug|Any CPU
		{DEE1A568-EE6F-4E36-A5F7-F48EDA1F2F3C}.Debug|Any CPU.Build.0 = Debug|Any CPU
		{DEE1A568-EE6F-4E36-A5F7-F48EDA1F2F3C}.Release|Any CPU.ActiveCfg = Release|Any CPU
		{DEE1A568-EE6F-4E36-A5F7-F48EDA1F2F3C}.Release|Any CPU.Build.0 = Release|Any CPU
		{4E80B292-FEF5-41E3-B248-6344ED5A718F}.Debug|Any CPU.ActiveCfg = Debug|Any CPU
		{4E80B292-FEF5-41E3-B248-6344ED5A718F}.Debug|Any CPU.Build.0 = Debug|Any CPU
		{4E80B292-FEF5-41E3-B248-6344ED5A718F}.Release|Any CPU.ActiveCfg = Release|Any CPU
		{4E80B292-FEF5-41E3-B248-6344ED5A718F}.Release|Any CPU.Build.0 = Release|Any CPU
		{DB8A4A62-635B-4D8E-91E7-ED15C4097396}.Debug|Any CPU.ActiveCfg = Debug|Any CPU
		{DB8A4A62-635B-4D8E-91E7-ED15C4097396}.Debug|Any CPU.Build.0 = Debug|Any CPU
		{DB8A4A62-635B-4D8E-91E7-ED15C4097396}.Release|Any CPU.ActiveCfg = Release|Any CPU
		{DB8A4A62-635B-4D8E-91E7-ED15C4097396}.Release|Any CPU.Build.0 = Release|Any CPU
		{FD5A4B6C-690E-4E3C-B939-1910AFBE585F}.Debug|Any CPU.ActiveCfg = Debug|Any CPU
		{FD5A4B6C-690E-4E3C-B939-1910AFBE585F}.Debug|Any CPU.Build.0 = Debug|Any CPU
		{FD5A4B6C-690E-4E3C-B939-1910AFBE585F}.Release|Any CPU.ActiveCfg = Release|Any CPU
		{FD5A4B6C-690E-4E3C-B939-1910AFBE585F}.Release|Any CPU.Build.0 = Release|Any CPU
		{9150460D-A5AC-4C57-96D8-27829FE187FC}.Debug|Any CPU.ActiveCfg = Debug|Any CPU
		{9150460D-A5AC-4C57-96D8-27829FE187FC}.Debug|Any CPU.Build.0 = Debug|Any CPU
		{9150460D-A5AC-4C57-96D8-27829FE187FC}.Release|Any CPU.ActiveCfg = Release|Any CPU
		{9150460D-A5AC-4C57-96D8-27829FE187FC}.Release|Any CPU.Build.0 = Release|Any CPU
		{6964EB12-2DBB-442C-B930-ECC403FA76DB}.Debug|Any CPU.ActiveCfg = Debug|Any CPU
		{6964EB12-2DBB-442C-B930-ECC403FA76DB}.Debug|Any CPU.Build.0 = Debug|Any CPU
		{6964EB12-2DBB-442C-B930-ECC403FA76DB}.Release|Any CPU.ActiveCfg = Release|Any CPU
		{6964EB12-2DBB-442C-B930-ECC403FA76DB}.Release|Any CPU.Build.0 = Release|Any CPU
		{9FD3F042-682D-467D-946F-DCAEA6AE6964}.Debug|Any CPU.ActiveCfg = Debug|Any CPU
		{9FD3F042-682D-467D-946F-DCAEA6AE6964}.Debug|Any CPU.Build.0 = Debug|Any CPU
		{9FD3F042-682D-467D-946F-DCAEA6AE6964}.Release|Any CPU.ActiveCfg = Release|Any CPU
		{9FD3F042-682D-467D-946F-DCAEA6AE6964}.Release|Any CPU.Build.0 = Release|Any CPU
	EndGlobalSection
	GlobalSection(SolutionProperties) = preSolution
		HideSolutionNode = FALSE
	EndGlobalSection
	GlobalSection(NestedProjects) = preSolution
		{858D9FFF-85EA-4F12-9B4A-4D9CA49B2EEA} = {184FCBCB-9EA7-441A-A96F-33258BA78C69}
		{95CF32FA-F12C-4E91-9CF3-217A83CDE695} = {858D9FFF-85EA-4F12-9B4A-4D9CA49B2EEA}
		{726A1378-75C9-4123-BDA3-6C48FE696C72} = {D0DE84ED-3095-47CF-A8B9-9E9CFF7F7D8F}
		{F4CC9D32-D135-4862-B53C-C317203C47D8} = {184FCBCB-9EA7-441A-A96F-33258BA78C69}
		{4E80B292-FEF5-41E3-B248-6344ED5A718F} = {F4CC9D32-D135-4862-B53C-C317203C47D8}
		{84741831-8AC8-427E-A214-14600567A260} = {184FCBCB-9EA7-441A-A96F-33258BA78C69}
		{DB8A4A62-635B-4D8E-91E7-ED15C4097396} = {84741831-8AC8-427E-A214-14600567A260}
		{2125E974-DF78-4779-BF88-BDE3A5457A63} = {184FCBCB-9EA7-441A-A96F-33258BA78C69}
		{FD5A4B6C-690E-4E3C-B939-1910AFBE585F} = {2125E974-DF78-4779-BF88-BDE3A5457A63}
		{9150460D-A5AC-4C57-96D8-27829FE187FC} = {2125E974-DF78-4779-BF88-BDE3A5457A63}
		{6964EB12-2DBB-442C-B930-ECC403FA76DB} = {2125E974-DF78-4779-BF88-BDE3A5457A63}
		{9FD3F042-682D-467D-946F-DCAEA6AE6964} = {2125E974-DF78-4779-BF88-BDE3A5457A63}
	EndGlobalSection
	GlobalSection(ExtensibilityGlobals) = postSolution
		SolutionGuid = {0881DE1D-769B-4B61-A468-DAA9516AA503}
	EndGlobalSection
EndGlobal
